
Microsoft Visual Studio Solution File, Format Version 12.00
# Visual Studio Version 17
VisualStudioVersion = 17.7.34221.43
MinimumVisualStudioVersion = 10.0.40219.1
Project("{FAE04EC0-301F-11D3-BF4B-00C04F79EFBC}") = "ProLab2", "ProLab2\ProLab2.csproj", "{4288E245-7BCE-4B53-98D2-4563695A5511}"
EndProject
Global
	GlobalSection(SolutionConfigurationPlatforms) = preSolution
		Debug|Any CPU = Debug|Any CPU
		Release|Any CPU = Release|Any CPU
	EndGlobalSection
	GlobalSection(ProjectConfigurationPlatforms) = postSolution
		{4288E245-7BCE-4B53-98D2-4563695A5511}.Debug|Any CPU.ActiveCfg = Debug|Any CPU
		{4288E245-7BCE-4B53-98D2-4563695A5511}.Debug|Any CPU.Build.0 = Debug|Any CPU
		{4288E245-7BCE-4B53-98D2-4563695A5511}.Release|Any CPU.ActiveCfg = Release|Any CPU
		{4288E245-7BCE-4B53-98D2-4563695A5511}.Release|Any CPU.Build.0 = Release|Any CPU
	EndGlobalSection
	GlobalSection(SolutionProperties) = preSolution
		HideSolutionNode = FALSE
	EndGlobalSection
	GlobalSection(ExtensibilityGlobals) = postSolution
		SolutionGuid = {BBC3FB8B-280C-4A7B-A00A-E6180C1916FA}
	EndGlobalSection
EndGlobal
